Microsoft Visual Studio Solution File, Format Version 9.00
# Visual Studio 2005
Project("{FAE04EC0-301F-11D3-BF4B-00C04F79EFBC}") = "docIPrintable", "docIPrintable.csproj", "{918698C6-D514-465E-A6FE-1CCB2BD2CF6C}"
EndProject
Global
	GlobalSection(SourceCodeControl) = preSolution
		SccNumberOfProjects = 2
		SccLocalPath0 = .
		CanCheckoutShared = false
		SccProjectUniqueName1 = docIPrintable.csproj
		SccLocalPath1 = .
		CanCheckoutShared = false
	EndGlobalSection
	GlobalSection(SolutionConfigurationPlatforms) = preSolution
		Debug|Any CPU = Debug|Any CPU
		Release|Any CPU = Release|Any CPU
	EndGlobalSection
	GlobalSection(ProjectConfigurationPlatforms) = postSolution
		{918698C6-D514-465E-A6FE-1CCB2BD2CF6C}.Debug|Any CPU.ActiveCfg = Debug|Any CPU
		{918698C6-D514-465E-A6FE-1CCB2BD2CF6C}.Debug|Any CPU.Build.0 = Debug|Any CPU
		{918698C6-D514-465E-A6FE-1CCB2BD2CF6C}.Release|Any CPU.ActiveCfg = Release|Any CPU
		{918698C6-D514-465E-A6FE-1CCB2BD2CF6C}.Release|Any CPU.Build.0 = Release|Any CPU
	EndGlobalSection
	GlobalSection(SolutionProperties) = preSolution
		HideSolutionNode = FALSE
	EndGlobalSection
EndGlobal
